// !$*UTF8*$!
{
	archiveVersion = 1;
	classes = {
	};
	objectVersion = 56;
	objects = {

/* Begin PBXBuildFile section */
		FF0FC4C52A9B66FF001B2F03 /* AppDelegate.swift in Sources */ = {isa = PBXBuildFile; fileRef = FF0FC4C42A9B66FF001B2F03 /* AppDelegate.swift */; };
		FF0FC4C72A9B66FF001B2F03 /* SceneDelegate.swift in Sources */ = {isa = PBXBuildFile; fileRef = FF0FC4C62A9B66FF001B2F03 /* SceneDelegate.swift */; };
		FF0FC4C92A9B66FF001B2F03 /* ViewController.swift in Sources */ = {isa = PBXBuildFile; fileRef = FF0FC4C82A9B66FF001B2F03 /* ViewController.swift */; };
		FF0FC4CC2A9B66FF001B2F03 /* Main.storyboard in Resources */ = {isa = PBXBuildFile; fileRef = FF0FC4CA2A9B66FF001B2F03 /* Main.storyboard */; };
		FF0FC4CF2A9B66FF001B2F03 /* IOSExam.xcdatamodeld in Sources */ = {isa = PBXBuildFile; fileRef = FF0FC4CD2A9B66FF001B2F03 /* IOSExam.xcdatamodeld */; };
		FF0FC4D12A9B6701001B2F03 /* Assets.xcassets in Resources */ = {isa = PBXBuildFile; fileRef = FF0FC4D02A9B6701001B2F03 /* Assets.xcassets */; };
		FF0FC4D42A9B6701001B2F03 /* LaunchScreen.storyboard in Resources */ = {isa = PBXBuildFile; fileRef = FF0FC4D22A9B6701001B2F03 /* LaunchScreen.storyboard */; };
		FF1988972A9BA95200D45DE4 /* Login.storyboard in Resources */ = {isa = PBXBuildFile; fileRef = FF1988962A9BA95200D45DE4 /* Login.storyboard */; };
		FF1988992A9BA97D00D45DE4 /* LoginViewController.swift in Sources */ = {isa = PBXBuildFile; fileRef = FF1988982A9BA97D00D45DE4 /* LoginViewController.swift */; };
		FF19889B2A9BC74400D45DE4 /* Register.storyboard in Resources */ = {isa = PBXBuildFile; fileRef = FF19889A2A9BC74400D45DE4 /* Register.storyboard */; };
		FF19889F2A9BC77800D45DE4 /* RegisterViewController.swift in Sources */ = {isa = PBXBuildFile; fileRef = FF19889E2A9BC77800D45DE4 /* RegisterViewController.swift */; };
		FF1988A12A9C6F0E00D45DE4 /* CustomTextField.swift in Sources */ = {isa = PBXBuildFile; fileRef = FF1988A02A9C6F0E00D45DE4 /* CustomTextField.swift */; };
		FFA0A42F2A9DB524009B4E1A /* DataModel.swift in Sources */ = {isa = PBXBuildFile; fileRef = FFA0A42E2A9DB524009B4E1A /* DataModel.swift */; };
		FFBBE0522A9E23F900BE650B /* Details.storyboard in Resources */ = {isa = PBXBuildFile; fileRef = FFBBE0512A9E23F900BE650B /* Details.storyboard */; };
		FFBBE0542A9E24FB00BE650B /* DetailsViewController.swift in Sources */ = {isa = PBXBuildFile; fileRef = FFBBE0532A9E24FB00BE650B /* DetailsViewController.swift */; };
		FFBBE0562A9E434000BE650B /* UserProfile.JSON in Resources */ = {isa = PBXBuildFile; fileRef = FFBBE0552A9E434000BE650B /* UserProfile.JSON */; };
		FFBBE0582A9E44A400BE650B /* Rewards.JSON in Resources */ = {isa = PBXBuildFile; fileRef = FFBBE0572A9E44A400BE650B /* Rewards.JSON */; };
		FFE50E072A9C8D8700AC5FF6 /* Dashboard.storyboard in Resources */ = {isa = PBXBuildFile; fileRef = FFE50E062A9C8D8600AC5FF6 /* Dashboard.storyboard */; };
		FFE50E092A9C8D9A00AC5FF6 /* DashboardViewController.swift in Sources */ = {isa = PBXBuildFile; fileRef = FFE50E082A9C8D9A00AC5FF6 /* DashboardViewController.swift */; };
		FFE50E0B2A9CA14500AC5FF6 /* DashboardTableViewController.swift in Sources */ = {isa = PBXBuildFile; fileRef = FFE50E0A2A9CA14500AC5FF6 /* DashboardTableViewController.swift */; };
		FFEF4DE52A9CE2FB00A510FA /* CustomTableViewCell.swift in Sources */ = {isa = PBXBuildFile; fileRef = FFEF4DE32A9CE2FB00A510FA /* CustomTableViewCell.swift */; };
		FFEF4DE62A9CE2FB00A510FA /* CustomTableViewCell.xib in Resources */ = {isa = PBXBuildFile; fileRef = FFEF4DE42A9CE2FB00A510FA /* CustomTableViewCell.xib */; };
/* End PBXBuildFile section */

/* Begin PBXFileReference section */
		FF0FC4C12A9B66FF001B2F03 /* IOSExam.app */ = {isa = PBXFileReference; explicitFileType = wrapper.application; includeInIndex = 0; path = IOSExam.app; sourceTree = BUILT_PRODUCTS_DIR; };
		FF0FC4C42A9B66FF001B2F03 /* AppDelegate.swift */ = {isa = PBXFileReference; lastKnownFileType = sourcecode.swift; path = AppDelegate.swift; sourceTree = "<group>"; };
		FF0FC4C62A9B66FF001B2F03 /* SceneDelegate.swift */ = {isa = PBXFileReference; lastKnownFileType = sourcecode.swift; path = SceneDelegate.swift; sourceTree = "<group>"; };
		FF0FC4C82A9B66FF001B2F03 /* ViewController.swift */ = {isa = PBXFileReference; lastKnownFileType = sourcecode.swift; path = ViewController.swift; sourceTree = "<group>"; };
		FF0FC4CB2A9B66FF001B2F03 /* Base */ = {isa = PBXFileReference; lastKnownFileType = file.storyboard; name = Base; path = Base.lproj/Main.storyboard; sourceTree = "<group>"; };
		FF0FC4CE2A9B66FF001B2F03 /* IOSExam.xcdatamodel */ = {isa = PBXFileReference; lastKnownFileType = wrapper.xcdatamodel; path = IOSExam.xcdatamodel; sourceTree = "<group>"; };
		FF0FC4D02A9B6701001B2F03 /* Assets.xcassets */ = {isa = PBXFileReference; lastKnownFileType = folder.assetcatalog; path = Assets.xcassets; sourceTree = "<group>"; };
		FF0FC4D32A9B6701001B2F03 /* Base */ = {isa = PBXFileReference; lastKnownFileType = file.storyboard; name = Base; path = Base.lproj/LaunchScreen.storyboard; sourceTree = "<group>"; };
		FF0FC4D52A9B6701001B2F03 /* Info.plist */ = {isa = PBXFileReference; lastKnownFileType = text.plist.xml; path = Info.plist; sourceTree = "<group>"; };
		FF1988962A9BA95200D45DE4 /* Login.storyboard */ = {isa = PBXFileReference; lastKnownFileType = file.storyboard; path = Login.storyboard; sourceTree = "<group>"; };
		FF1988982A9BA97D00D45DE4 /* LoginViewController.swift */ = {isa = PBXFileReference; lastKnownFileType = sourcecode.swift; path = LoginViewController.swift; sourceTree = "<group>"; };
		FF19889A2A9BC74400D45DE4 /* Register.storyboard */ = {isa = PBXFileReference; lastKnownFileType = file.storyboard; path = Register.storyboard; sourceTree = "<group>"; };
		FF19889E2A9BC77800D45DE4 /* RegisterViewController.swift */ = {isa = PBXFileReference; lastKnownFileType = sourcecode.swift; path = RegisterViewController.swift; sourceTree = "<group>"; };
		FF1988A02A9C6F0E00D45DE4 /* CustomTextField.swift */ = {isa = PBXFileReference; lastKnownFileType = sourcecode.swift; path = CustomTextField.swift; sourceTree = "<group>"; };
		FFA0A42E2A9DB524009B4E1A /* DataModel.swift */ = {isa = PBXFileReference; lastKnownFileType = sourcecode.swift; path = DataModel.swift; sourceTree = "<group>"; };
		FFBBE0512A9E23F900BE650B /* Details.storyboard */ = {isa = PBXFileReference; lastKnownFileType = file.storyboard; path = Details.storyboard; sourceTree = "<group>"; };
		FFBBE0532A9E24FB00BE650B /* DetailsViewController.swift */ = {isa = PBXFileReference; lastKnownFileType = sourcecode.swift; path = DetailsViewController.swift; sourceTree = "<group>"; };
		FFBBE0552A9E434000BE650B /* UserProfile.JSON */ = {isa = PBXFileReference; lastKnownFileType = text.json; path = UserProfile.JSON; sourceTree = "<group>"; };
		FFBBE0572A9E44A400BE650B /* Rewards.JSON */ = {isa = PBXFileReference; lastKnownFileType = text.json; path = Rewards.JSON; sourceTree = "<group>"; };
		FFE50E062A9C8D8600AC5FF6 /* Dashboard.storyboard */ = {isa = PBXFileReference; lastKnownFileType = file.storyboard; path = Dashboard.storyboard; sourceTree = "<group>"; };
		FFE50E082A9C8D9A00AC5FF6 /* DashboardViewController.swift */ = {isa = PBXFileReference; lastKnownFileType = sourcecode.swift; path = DashboardViewController.swift; sourceTree = "<group>"; };
		FFE50E0A2A9CA14500AC5FF6 /* DashboardTableViewController.swift */ = {isa = PBXFileReference; lastKnownFileType = sourcecode.swift; path = DashboardTableViewController.swift; sourceTree = "<group>"; };
		FFEF4DE32A9CE2FB00A510FA /* CustomTableViewCell.swift */ = {isa = PBXFileReference; lastKnownFileType = sourcecode.swift; path = CustomTableViewCell.swift; sourceTree = "<group>"; };
		FFEF4DE42A9CE2FB00A510FA /* CustomTableViewCell.xib */ = {isa = PBXFileReference; lastKnownFileType = file.xib; path = CustomTableViewCell.xib; sourceTree = "<group>"; };
/* End PBXFileReference section */

/* Begin PBXFrameworksBuildPhase section */
		FF0FC4BE2A9B66FF001B2F03 /* Frameworks */ = {
			isa = PBXFrameworksBuildPhase;
			buildActionMask = 2147483647;
			files = (
			);
			runOnlyForDeploymentPostprocessing = 0;
		};
/* End PBXFrameworksBuildPhase section */

/* Begin PBXGroup section */
		FF0FC4B82A9B66FF001B2F03 = {
			isa = PBXGroup;
			children = (
				FF0FC4C32A9B66FF001B2F03 /* IOSExam */,
				FF0FC4C22A9B66FF001B2F03 /* Products */,
			);
			sourceTree = "<group>";
		};
		FF0FC4C22A9B66FF001B2F03 /* Products */ = {
			isa = PBXGroup;
			children = (
				FF0FC4C12A9B66FF001B2F03 /* IOSExam.app */,
			);
			name = Products;
			sourceTree = "<group>";
		};
		FF0FC4C32A9B66FF001B2F03 /* IOSExam */ = {
			isa = PBXGroup;
			children = (
				FFA0A42B2A9DB41F009B4E1A /* TableView */,
				FF0FC4C42A9B66FF001B2F03 /* AppDelegate.swift */,
				FF0FC4C62A9B66FF001B2F03 /* SceneDelegate.swift */,
				FFA0A42E2A9DB524009B4E1A /* DataModel.swift */,
				FF0FC4C82A9B66FF001B2F03 /* ViewController.swift */,
				FF1988982A9BA97D00D45DE4 /* LoginViewController.swift */,
				FF19889E2A9BC77800D45DE4 /* RegisterViewController.swift */,
				FF1988A02A9C6F0E00D45DE4 /* CustomTextField.swift */,
				FFE50E082A9C8D9A00AC5FF6 /* DashboardViewController.swift */,
				FFBBE0532A9E24FB00BE650B /* DetailsViewController.swift */,
				FFBBE0512A9E23F900BE650B /* Details.storyboard */,
				FFBBE0552A9E434000BE650B /* UserProfile.JSON */,
				FFBBE0572A9E44A400BE650B /* Rewards.JSON */,
				FFE50E062A9C8D8600AC5FF6 /* Dashboard.storyboard */,
				FF19889A2A9BC74400D45DE4 /* Register.storyboard */,
				FF1988962A9BA95200D45DE4 /* Login.storyboard */,
				FF0FC4CA2A9B66FF001B2F03 /* Main.storyboard */,
				FF0FC4D02A9B6701001B2F03 /* Assets.xcassets */,
				FF0FC4D22A9B6701001B2F03 /* LaunchScreen.storyboard */,
				FF0FC4D52A9B6701001B2F03 /* Info.plist */,
				FF0FC4CD2A9B66FF001B2F03 /* IOSExam.xcdatamodeld */,
			);
			path = IOSExam;
			sourceTree = "<group>";
		};
		FFA0A42B2A9DB41F009B4E1A /* TableView */ = {
			isa = PBXGroup;
			children = (
				FFE50E0A2A9CA14500AC5FF6 /* DashboardTableViewController.swift */,
				FFEF4DE32A9CE2FB00A510FA /* CustomTableViewCell.swift */,
				FFEF4DE42A9CE2FB00A510FA /* CustomTableViewCell.xib */,
			);
			path = TableView;
			sourceTree = "<group>";
		};
/* End PBXGroup section */

/* Begin PBXNativeTarget section */
		FF0FC4C02A9B66FF001B2F03 /* IOSExam */ = {
			isa = PBXNativeTarget;
			buildConfigurationList = FF0FC4D82A9B6701001B2F03 /* Build configuration list for PBXNativeTarget "IOSExam" */;
			buildPhases = (
				FF0FC4BD2A9B66FF001B2F03 /* Sources */,
				FF0FC4BE2A9B66FF001B2F03 /* Frameworks */,
				FF0FC4BF2A9B66FF001B2F03 /* Resources */,
			);
			buildRules = (
			);
			dependencies = (
			);
			name = IOSExam;
			productName = IOSExam;
			productReference = FF0FC4C12A9B66FF001B2F03 /* IOSExam.app */;
			productType = "com.apple.product-type.application";
		};
/* End PBXNativeTarget section */

/* Begin PBXProject section */
		FF0FC4B92A9B66FF001B2F03 /* Project object */ = {
			isa = PBXProject;
			attributes = {
				BuildIndependentTargetsInParallel = 1;
				LastSwiftUpdateCheck = 1430;
				LastUpgradeCheck = 1430;
				TargetAttributes = {
					FF0FC4C02A9B66FF001B2F03 = {
						CreatedOnToolsVersion = 14.3.1;
					};
				};
			};
			buildConfigurationList = FF0FC4BC2A9B66FF001B2F03 /* Build configuration list for PBXProject "IOSExam" */;
			compatibilityVersion = "Xcode 14.0";
			developmentRegion = en;
			hasScannedForEncodings = 0;
			knownRegions = (
				en,
				Base,
			);
			mainGroup = FF0FC4B82A9B66FF001B2F03;
			productRefGroup = FF0FC4C22A9B66FF001B2F03 /* Products */;
			projectDirPath = "";
			projectRoot = "";
			targets = (
				FF0FC4C02A9B66FF001B2F03 /* IOSExam */,
			);
		};
/* End PBXProject section */

/* Begin PBXResourcesBuildPhase section */
		FF0FC4BF2A9B66FF001B2F03 /* Resources */ = {
			isa = PBXResourcesBuildPhase;
			buildActionMask = 2147483647;
			files = (
				FF1988972A9BA95200D45DE4 /* Login.storyboard in Resources */,
				FFBBE0582A9E44A400BE650B /* Rewards.JSON in Resources */,
				FFEF4DE62A9CE2FB00A510FA /* CustomTableViewCell.xib in Resources */,
				FFE50E072A9C8D8700AC5FF6 /* Dashboard.storyboard in Resources */,
				FFBBE0562A9E434000BE650B /* UserProfile.JSON in Resources */,
				FF0FC4D42A9B6701001B2F03 /* LaunchScreen.storyboard in Resources */,
				FF0FC4D12A9B6701001B2F03 /* Assets.xcassets in Resources */,
				FF0FC4CC2A9B66FF001B2F03 /* Main.storyboard in Resources */,
				FF19889B2A9BC74400D45DE4 /* Register.storyboard in Resources */,
				FFBBE0522A9E23F900BE650B /* Details.storyboard in Resources */,
			);
			runOnlyForDeploymentPostprocessing = 0;
		};
/* End PBXResourcesBuildPhase section */

/* Begin PBXSourcesBuildPhase section */
		FF0FC4BD2A9B66FF001B2F03 /* Sources */ = {
			isa = PBXSourcesBuildPhase;
			buildActionMask = 2147483647;
			files = (
				FF1988A12A9C6F0E00D45DE4 /* CustomTextField.swift in Sources */,
				FF0FC4C92A9B66FF001B2F03 /* ViewController.swift in Sources */,
				FFEF4DE52A9CE2FB00A510FA /* CustomTableViewCell.swift in Sources */,
				FF0FC4C52A9B66FF001B2F03 /* AppDelegate.swift in Sources */,
				FF0FC4CF2A9B66FF001B2F03 /* IOSExam.xcdatamodeld in Sources */,
				FF19889F2A9BC77800D45DE4 /* RegisterViewController.swift in Sources */,
				FFA0A42F2A9DB524009B4E1A /* DataModel.swift in Sources */,
				FF1988992A9BA97D00D45DE4 /* LoginViewController.swift in Sources */,
				FF0FC4C72A9B66FF001B2F03 /* SceneDelegate.swift in Sources */,
				FFE50E0B2A9CA14500AC5FF6 /* DashboardTableViewController.swift in Sources */,
				FFE50E092A9C8D9A00AC5FF6 /* DashboardViewController.swift in Sources */,
				FFBBE0542A9E24FB00BE650B /* DetailsViewController.swift in Sources */,
			);
			runOnlyForDeploymentPostprocessing = 0;
		};
/* End PBXSourcesBuildPhase section */

/* Begin PBXVariantGroup section */
		FF0FC4CA2A9B66FF001B2F03 /* Main.storyboard */ = {
			isa = PBXVariantGroup;
			children = (
				FF0FC4CB2A9B66FF001B2F03 /* Base */,
			);
			name = Main.storyboard;
			sourceTree = "<group>";
		};
		FF0FC4D22A9B6701001B2F03 /* LaunchScreen.storyboard */ = {
			isa = PBXVariantGroup;
			children = (
				FF0FC4D32A9B6701001B2F03 /* Base */,
			);
			name = LaunchScreen.storyboard;
			sourceTree = "<group>";
		};
/* End PBXVariantGroup section */

/* Begin XCBuildConfiguration section */
		FF0FC4D62A9B6701001B2F03 /* Debug */ = {
			isa = XCBuildConfiguration;
			buildSettings = {
				ALWAYS_SEARCH_USER_PATHS = NO;
				CLANG_ANALYZER_NONNULL = YES;
				CLANG_ANALYZER_NUMBER_OBJECT_CONVERSION = YES_AGGRESSIVE;
				CLANG_CXX_LANGUAGE_STANDARD = "gnu++20";
				CLANG_ENABLE_MODULES = YES;
				CLANG_ENABLE_OBJC_ARC = YES;
				CLANG_ENABLE_OBJC_WEAK = YES;
				CLANG_WARN_BLOCK_CAPTURE_AUTORELEASING = YES;
				CLANG_WARN_BOOL_CONVERSION = YES;
				CLANG_WARN_COMMA = YES;
				CLANG_WARN_CONSTANT_CONVERSION = YES;
				CLANG_WARN_DEPRECATED_OBJC_IMPLEMENTATIONS = YES;
				CLANG_WARN_DIRECT_OBJC_ISA_USAGE = YES_ERROR;
				CLANG_WARN_DOCUMENTATION_COMMENTS = YES;
				CLANG_WARN_EMPTY_BODY = YES;
				CLANG_WARN_ENUM_CONVERSION = YES;
				CLANG_WARN_INFINITE_RECURSION = YES;
				CLANG_WARN_INT_CONVERSION = YES;
				CLANG_WARN_NON_LITERAL_NULL_CONVERSION = YES;
				CLANG_WARN_OBJC_IMPLICIT_RETAIN_SELF = YES;
				CLANG_WARN_OBJC_LITERAL_CONVERSION = YES;
				CLANG_WARN_OBJC_ROOT_CLASS = YES_ERROR;
				CLANG_WARN_QUOTED_INCLUDE_IN_FRAMEWORK_HEADER = YES;
				CLANG_WARN_RANGE_LOOP_ANALYSIS = YES;
				CLANG_WARN_STRICT_PROTOTYPES = YES;
				CLANG_WARN_SUSPICIOUS_MOVE = YES;
				CLANG_WARN_UNGUARDED_AVAILABILITY = YES_AGGRESSIVE;
				CLANG_WARN_UNREACHABLE_CODE = YES;
				CLANG_WARN__DUPLICATE_METHOD_MATCH = YES;
				COPY_PHASE_STRIP = NO;
				DEBUG_INFORMATION_FORMAT = dwarf;
				ENABLE_STRICT_OBJC_MSGSEND = YES;
				ENABLE_TESTABILITY = YES;
				GCC_C_LANGUAGE_STANDARD = gnu11;
				GCC_DYNAMIC_NO_PIC = NO;
				GCC_NO_COMMON_BLOCKS = YES;
				GCC_OPTIMIZATION_LEVEL = 0;
				GCC_PREPROCESSOR_DEFINITIONS = (
					"DEBUG=1",
					"$(inherited)",
				);
				GCC_WARN_64_TO_32_BIT_CONVERSION = YES;
				GCC_WARN_ABOUT_RETURN_TYPE = YES_ERROR;
				GCC_WARN_UNDECLARED_SELECTOR = YES;
				GCC_WARN_UNINITIALIZED_AUTOS = YES_AGGRESSIVE;
				GCC_WARN_UNUSED_FUNCTION = YES;
				GCC_WARN_UNUSED_VARIABLE = YES;
				IPHONEOS_DEPLOYMENT_TARGET = 15.0;
				MTL_ENABLE_DEBUG_INFO = INCLUDE_SOURCE;
				MTL_FAST_MATH = YES;
				ONLY_ACTIVE_ARCH = YES;
				SDKROOT = iphoneos;
				SWIFT_ACTIVE_COMPILATION_CONDITIONS = DEBUG;
				SWIFT_OPTIMIZATION_LEVEL = "-Onone";
			};
			name = Debug;
		};
		FF0FC4D72A9B6701001B2F03 /* Release */ = {
			isa = XCBuildConfiguration;
			buildSettings = {
				ALWAYS_SEARCH_USER_PATHS = NO;
				CLANG_ANALYZER_NONNULL = YES;
				CLANG_ANALYZER_NUMBER_OBJECT_CONVERSION = YES_AGGRESSIVE;
				CLANG_CXX_LANGUAGE_STANDARD = "gnu++20";
				CLANG_ENABLE_MODULES = YES;
				CLANG_ENABLE_OBJC_ARC = YES;
				CLANG_ENABLE_OBJC_WEAK = YES;
				CLANG_WARN_BLOCK_CAPTURE_AUTORELEASING = YES;
				CLANG_WARN_BOOL_CONVERSION = YES;
				CLANG_WARN_COMMA = YES;
				CLANG_WARN_CONSTANT_CONVERSION = YES;
				CLANG_WARN_DEPRECATED_OBJC_IMPLEMENTATIONS = YES;
				CLANG_WARN_DIRECT_OBJC_ISA_USAGE = YES_ERROR;
				CLANG_WARN_DOCUMENTATION_COMMENTS = YES;
				CLANG_WARN_EMPTY_BODY = YES;
				CLANG_WARN_ENUM_CONVERSION = YES;
				CLANG_WARN_INFINITE_RECURSION = YES;
				CLANG_WARN_INT_CONVERSION = YES;
				CLANG_WARN_NON_LITERAL_NULL_CONVERSION = YES;
				CLANG_WARN_OBJC_IMPLICIT_RETAIN_SELF = YES;
				CLANG_WARN_OBJC_LITERAL_CONVERSION = YES;
				CLANG_WARN_OBJC_ROOT_CLASS = YES_ERROR;
				CLANG_WARN_QUOTED_INCLUDE_IN_FRAMEWORK_HEADER = YES;
				CLANG_WARN_RANGE_LOOP_ANALYSIS = YES;
				CLANG_WARN_STRICT_PROTOTYPES = YES;
				CLANG_WARN_SUSPICIOUS_MOVE = YES;
				CLANG_WARN_UNGUARDED_AVAILABILITY = YES_AGGRESSIVE;
				CLANG_WARN_UNREACHABLE_CODE = YES;
				CLANG_WARN__DUPLICATE_METHOD_MATCH = YES;
				COPY_PHASE_STRIP = NO;
				DEBUG_INFORMATION_FORMAT = "dwarf-with-dsym";
				ENABLE_NS_ASSERTIONS = NO;
				ENABLE_STRICT_OBJC_MSGSEND = YES;
				GCC_C_LANGUAGE_STANDARD = gnu11;
				GCC_NO_COMMON_BLOCKS = YES;
				GCC_WARN_64_TO_32_BIT_CONVERSION = YES;
				GCC_WARN_ABOUT_RETURN_TYPE = YES_ERROR;
				GCC_WARN_UNDECLARED_SELECTOR = YES;
				GCC_WARN_UNINITIALIZED_AUTOS = YES_AGGRESSIVE;
				GCC_WARN_UNUSED_FUNCTION = YES;
				GCC_WARN_UNUSED_VARIABLE = YES;
				IPHONEOS_DEPLOYMENT_TARGET = 15.0;
				MTL_ENABLE_DEBUG_INFO = NO;
				MTL_FAST_MATH = YES;
				SDKROOT = iphoneos;
				SWIFT_COMPILATION_MODE = wholemodule;
				SWIFT_OPTIMIZATION_LEVEL = "-O";
				VALIDATE_PRODUCT = YES;
			};
			name = Release;
		};
		FF0FC4D92A9B6701001B2F03 /* Debug */ = {
			isa = XCBuildConfiguration;
			buildSettings = {
				ASSETCATALOG_COMPILER_APPICON_NAME = AppIcon;
				ASSETCATALOG_COMPILER_GLOBAL_ACCENT_COLOR_NAME = AccentColor;
				CODE_SIGN_STYLE = Automatic;
				CURRENT_PROJECT_VERSION = 1;
				DEVELOPMENT_TEAM = JZSQWP8B8Y;
				GENERATE_INFOPLIST_FILE = YES;
				INFOPLIST_FILE = IOSExam/Info.plist;
				INFOPLIST_KEY_UIApplicationSupportsIndirectInputEvents = YES;
				INFOPLIST_KEY_UILaunchStoryboardName = LaunchScreen;
				INFOPLIST_KEY_UIMainStoryboardFile = Main;
				INFOPLIST_KEY_UISupportedInterfaceOrientations_iPad = "UIInterfaceOrientationPortrait UIInterfaceOrientationPortraitUpsideDown UIInterfaceOrientationLandscapeLeft UIInterfaceOrientationLandscapeRight";
				INFOPLIST_KEY_UISupportedInterfaceOrientations_iPhone = "UIInterfaceOrientationPortrait UIInterfaceOrientationLandscapeLeft UIInterfaceOrientationLandscapeRight";
				IPHONEOS_DEPLOYMENT_TARGET = 15.0;
				LD_RUNPATH_SEARCH_PATHS = (
					"$(inherited)",
					"@executable_path/Frameworks",
				);
				MARKETING_VERSION = 1.0;
				PRODUCT_BUNDLE_IDENTIFIER = crissycancode.IOSExam;
				PRODUCT_NAME = "$(TARGET_NAME)";
				SWIFT_EMIT_LOC_STRINGS = YES;
				SWIFT_VERSION = 5.0;
				TARGETED_DEVICE_FAMILY = "1,2";
			};
			name = Debug;
		};
		FF0FC4DA2A9B6701001B2F03 /* Release */ = {
			isa = XCBuildConfiguration;
			buildSettings = {
				ASSETCATALOG_COMPILER_APPICON_NAME = AppIcon;
				ASSETCATALOG_COMPILER_GLOBAL_ACCENT_COLOR_NAME = AccentColor;
				CODE_SIGN_STYLE = Automatic;
				CURRENT_PROJECT_VERSION = 1;
				DEVELOPMENT_TEAM = JZSQWP8B8Y;
				GENERATE_INFOPLIST_FILE = YES;
				INFOPLIST_FILE = IOSExam/Info.plist;
				INFOPLIST_KEY_UIApplicationSupportsIndirectInputEvents = YES;
				INFOPLIST_KEY_UILaunchStoryboardName = LaunchScreen;
				INFOPLIST_KEY_UIMainStoryboardFile = Main;
				INFOPLIST_KEY_UISupportedInterfaceOrientations_iPad = "UIInterfaceOrientationPortrait UIInterfaceOrientationPortraitUpsideDown UIInterfaceOrientationLandscapeLeft UIInterfaceOrientationLandscapeRight";
				INFOPLIST_KEY_UISupportedInterfaceOrientations_iPhone = "UIInterfaceOrientationPortrait UIInterfaceOrientationLandscapeLeft UIInterfaceOrientationLandscapeRight";
				IPHONEOS_DEPLOYMENT_TARGET = 15.0;
				LD_RUNPATH_SEARCH_PATHS = (
					"$(inherited)",
					"@executable_path/Frameworks",
				);
				MARKETING_VERSION = 1.0;
				PRODUCT_BUNDLE_IDENTIFIER = crissycancode.IOSExam;
				PRODUCT_NAME = "$(TARGET_NAME)";
				SWIFT_EMIT_LOC_STRINGS = YES;
				SWIFT_VERSION = 5.0;
				TARGETED_DEVICE_FAMILY = "1,2";
			};
			name = Release;
		};
/* End XCBuildConfiguration section */

/* Begin XCConfigurationList section */
		FF0FC4BC2A9B66FF001B2F03 /* Build configuration list for PBXProject "IOSExam" */ = {
			isa = XCConfigurationList;
			buildConfigurations = (
				FF0FC4D62A9B6701001B2F03 /* Debug */,
				FF0FC4D72A9B6701001B2F03 /* Release */,
			);
			defaultConfigurationIsVisible = 0;
			defaultConfigurationName = Release;
		};
		FF0FC4D82A9B6701001B2F03 /* Build configuration list for PBXNativeTarget "IOSExam" */ = {
			isa = XCConfigurationList;
			buildConfigurations = (
				FF0FC4D92A9B6701001B2F03 /* Debug */,
				FF0FC4DA2A9B6701001B2F03 /* Release */,
			);
			defaultConfigurationIsVisible = 0;
			defaultConfigurationName = Release;
		};
/* End XCConfigurationList section */

/* Begin XCVersionGroup section */
		FF0FC4CD2A9B66FF001B2F03 /* IOSExam.xcdatamodeld */ = {
			isa = XCVersionGroup;
			children = (
				FF0FC4CE2A9B66FF001B2F03 /* IOSExam.xcdatamodel */,
			);
			currentVersion = FF0FC4CE2A9B66FF001B2F03 /* IOSExam.xcdatamodel */;
			path = IOSExam.xcdatamodeld;
			sourceTree = "<group>";
			versionGroupType = wrapper.xcdatamodel;
		};
/* End XCVersionGroup section */
	};
	rootObject = FF0FC4B92A9B66FF001B2F03 /* Project object */;
}
